
Microsoft Visual Studio Solution File, Format Version 12.00
# Visual Studio 2012
Project("{FAE04EC0-301F-11D3-BF4B-00C04F79EFBC}") = "VolumeWave", "VolumeWave\VolumeWave.csproj", "{27B23E71-BC2B-49C6-A6C4-93F241117D5A}"
EndProject
Project("{FAE04EC0-301F-11D3-BF4B-00C04F79EFBC}") = "CoreAudioApi", "..\..\..\..\Downloads\CoreAudio2_Src\CoreAudioApi\CoreAudioApi.csproj", "{9F1076AA-63DF-4128-9C10-FD65E425C783}"
EndProject
Global
	GlobalSection(TeamFoundationVersionControl) = preSolution
		SccNumberOfProjects = 3
		SccEnterpriseProvider = {4CA58AB2-18FA-4F8D-95D4-32DDF27D184C}
		SccTeamFoundationServer = https://techrocket9.visualstudio.com/defaultcollection
		SccLocalPath0 = .
		SccProjectUniqueName1 = VolumeWave\\VolumeWave.csproj
		SccProjectName1 = VolumeWave
		SccLocalPath1 = VolumeWave
		SccProjectUniqueName2 = ..\\..\\..\\..\\Downloads\\CoreAudio2_Src\\CoreAudioApi\\CoreAudioApi.csproj
		SccProjectName2 = CoreAudioApi
		SccLocalPath2 = ..\\..\\..\\..\\Downloads\\CoreAudio2_Src\\CoreAudioApi
	EndGlobalSection
	GlobalSection(SolutionConfigurationPlatforms) = preSolution
		Debug|Any CPU = Debug|Any CPU
		Debug|x64 = Debug|x64
		Debug|x86 = Debug|x86
		Release|Any CPU = Release|Any CPU
		Release|x64 = Release|x64
		Release|x86 = Release|x86
	EndGlobalSection
	GlobalSection(ProjectConfigurationPlatforms) = postSolution
		{27B23E71-BC2B-49C6-A6C4-93F241117D5A}.Debug|Any CPU.ActiveCfg = Debug|Any CPU
		{27B23E71-BC2B-49C6-A6C4-93F241117D5A}.Debug|Any CPU.Build.0 = Debug|Any CPU
		{27B23E71-BC2B-49C6-A6C4-93F241117D5A}.Debug|x64.ActiveCfg = Debug|x64
		{27B23E71-BC2B-49C6-A6C4-93F241117D5A}.Debug|x64.Build.0 = Debug|x64
		{27B23E71-BC2B-49C6-A6C4-93F241117D5A}.Debug|x86.ActiveCfg = Debug|Any CPU
		{27B23E71-BC2B-49C6-A6C4-93F241117D5A}.Release|Any CPU.ActiveCfg = Release|Any CPU
		{27B23E71-BC2B-49C6-A6C4-93F241117D5A}.Release|Any CPU.Build.0 = Release|Any CPU
		{27B23E71-BC2B-49C6-A6C4-93F241117D5A}.Release|x64.ActiveCfg = Release|x64
		{27B23E71-BC2B-49C6-A6C4-93F241117D5A}.Release|x64.Build.0 = Release|x64
		{27B23E71-BC2B-49C6-A6C4-93F241117D5A}.Release|x86.ActiveCfg = Release|Any CPU
		{9F1076AA-63DF-4128-9C10-FD65E425C783}.Debug|Any CPU.ActiveCfg = Debug|Any CPU
		{9F1076AA-63DF-4128-9C10-FD65E425C783}.Debug|Any CPU.Build.0 = Debug|Any CPU
		{9F1076AA-63DF-4128-9C10-FD65E425C783}.Debug|x64.ActiveCfg = Debug|Any CPU
		{9F1076AA-63DF-4128-9C10-FD65E425C783}.Debug|x86.ActiveCfg = Debug|x86
		{9F1076AA-63DF-4128-9C10-FD65E425C783}.Debug|x86.Build.0 = Debug|x86
		{9F1076AA-63DF-4128-9C10-FD65E425C783}.Release|Any CPU.ActiveCfg = Release|Any CPU
		{9F1076AA-63DF-4128-9C10-FD65E425C783}.Release|Any CPU.Build.0 = Release|Any CPU
		{9F1076AA-63DF-4128-9C10-FD65E425C783}.Release|x64.ActiveCfg = Release|Any CPU
		{9F1076AA-63DF-4128-9C10-FD65E425C783}.Release|x64.Build.0 = Release|Any CPU
		{9F1076AA-63DF-4128-9C10-FD65E425C783}.Release|x86.ActiveCfg = Release|x86
		{9F1076AA-63DF-4128-9C10-FD65E425C783}.Release|x86.Build.0 = Release|x86
	EndGlobalSection
	GlobalSection(SolutionProperties) = preSolution
		HideSolutionNode = FALSE
	EndGlobalSection
EndGlobal
